// !$*UTF8*$!
{
	archiveVersion = 1;
	classes = {
	};
	objectVersion = 50;
	objects = {

/* Begin PBXBuildFile section */
		C4F2007C2241EA6900CDE725 /* AppDelegate.swift in Sources */ = {isa = PBXBuildFile; fileRef = C4F2007B2241EA6900CDE725 /* AppDelegate.swift */; };
		C4F2007E2241EA6900CDE725 /* ViewController.swift in Sources */ = {isa = PBXBuildFile; fileRef = C4F2007D2241EA6900CDE725 /* ViewController.swift */; };
		C4F200812241EA6900CDE725 /* Main.storyboard in Resources */ = {isa = PBXBuildFile; fileRef = C4F2007F2241EA6900CDE725 /* Main.storyboard */; };
		C4F200832241EA6B00CDE725 /* Assets.xcassets in Resources */ = {isa = PBXBuildFile; fileRef = C4F200822241EA6B00CDE725 /* Assets.xcassets */; };
		C4F200862241EA6B00CDE725 /* LaunchScreen.storyboard in Resources */ = {isa = PBXBuildFile; fileRef = C4F200842241EA6B00CDE725 /* LaunchScreen.storyboard */; };
		C4F2008E2241EB9E00CDE725 /* StickyCollectionViewFlowLayout.swift in Sources */ = {isa = PBXBuildFile; fileRef = C4F2008D2241EB9E00CDE725 /* StickyCollectionViewFlowLayout.swift */; };
/* End PBXBuildFile section */

/* Begin PBXFileReference section */
		C4737EE1224DEA72008B6CF4 /* README.md */ = {isa = PBXFileReference; fileEncoding = 4; lastKnownFileType = net.daringfireball.markdown; path = README.md; sourceTree = SOURCE_ROOT; };
		C4F200782241EA6900CDE725 /* StickyCollectionViewFlowLayout.app */ = {isa = PBXFileReference; explicitFileType = wrapper.application; includeInIndex = 0; path = StickyCollectionViewFlowLayout.app; sourceTree = BUILT_PRODUCTS_DIR; };
		C4F2007B2241EA6900CDE725 /* AppDelegate.swift */ = {isa = PBXFileReference; lastKnownFileType = sourcecode.swift; path = AppDelegate.swift; sourceTree = "<group>"; };
		C4F2007D2241EA6900CDE725 /* ViewController.swift */ = {isa = PBXFileReference; lastKnownFileType = sourcecode.swift; path = ViewController.swift; sourceTree = "<group>"; };
		C4F200802241EA6900CDE725 /* Base */ = {isa = PBXFileReference; lastKnownFileType = file.storyboard; name = Base; path = Base.lproj/Main.storyboard; sourceTree = "<group>"; };
		C4F200822241EA6B00CDE725 /* Assets.xcassets */ = {isa = PBXFileReference; lastKnownFileType = folder.assetcatalog; path = Assets.xcassets; sourceTree = "<group>"; };
		C4F200852241EA6B00CDE725 /* Base */ = {isa = PBXFileReference; lastKnownFileType = file.storyboard; name = Base; path = Base.lproj/LaunchScreen.storyboard; sourceTree = "<group>"; };
		C4F200872241EA6B00CDE725 /* Info.plist */ = {isa = PBXFileReference; lastKnownFileType = text.plist.xml; path = Info.plist; sourceTree = "<group>"; };
		C4F2008D2241EB9E00CDE725 /* StickyCollectionViewFlowLayout.swift */ = {isa = PBXFileReference; lastKnownFileType = sourcecode.swift; path = StickyCollectionViewFlowLayout.swift; sourceTree = "<group>"; };
/* End PBXFileReference section */

/* Begin PBXFrameworksBuildPhase section */
		C4F200752241EA6900CDE725 /* Frameworks */ = {
			isa = PBXFrameworksBuildPhase;
			buildActionMask = 2147483647;
			files = (
			);
			runOnlyForDeploymentPostprocessing = 0;
		};
/* End PBXFrameworksBuildPhase section */

/* Begin PBXGroup section */
		C4F2006F2241EA6900CDE725 = {
			isa = PBXGroup;
			children = (
				C4F2007A2241EA6900CDE725 /* StickyCollectionViewFlowLayout */,
				C4F200792241EA6900CDE725 /* Products */,
			);
			sourceTree = "<group>";
		};
		C4F200792241EA6900CDE725 /* Products */ = {
			isa = PBXGroup;
			children = (
				C4F200782241EA6900CDE725 /* StickyCollectionViewFlowLayout.app */,
			);
			name = Products;
			sourceTree = "<group>";
		};
		C4F2007A2241EA6900CDE725 /* StickyCollectionViewFlowLayout */ = {
			isa = PBXGroup;
			children = (
				C4F2007B2241EA6900CDE725 /* AppDelegate.swift */,
				C4F2007D2241EA6900CDE725 /* ViewController.swift */,
				C4F2008D2241EB9E00CDE725 /* StickyCollectionViewFlowLayout.swift */,
				C4F2007F2241EA6900CDE725 /* Main.storyboard */,
				C4F200822241EA6B00CDE725 /* Assets.xcassets */,
				C4737EE1224DEA72008B6CF4 /* README.md */,
				C4F200842241EA6B00CDE725 /* LaunchScreen.storyboard */,
				C4F200872241EA6B00CDE725 /* Info.plist */,
			);
			path = StickyCollectionViewFlowLayout;
			sourceTree = "<group>";
		};
/* End PBXGroup section */

/* Begin PBXNativeTarget section */
		C4F200772241EA6900CDE725 /* StickyCollectionViewFlowLayout */ = {
			isa = PBXNativeTarget;
			buildConfigurationList = C4F2008A2241EA6B00CDE725 /* Build configuration list for PBXNativeTarget "StickyCollectionViewFlowLayout" */;
			buildPhases = (
				C4F200742241EA6900CDE725 /* Sources */,
				C4F200752241EA6900CDE725 /* Frameworks */,
				C4F200762241EA6900CDE725 /* Resources */,
			);
			buildRules = (
			);
			dependencies = (
			);
			name = StickyCollectionViewFlowLayout;
			productName = StickyCollectionViewFlowLayout;
			productReference = C4F200782241EA6900CDE725 /* StickyCollectionViewFlowLayout.app */;
			productType = "com.apple.product-type.application";
		};
/* End PBXNativeTarget section */

/* Begin PBXProject section */
		C4F200702241EA6900CDE725 /* Project object */ = {
			isa = PBXProject;
			attributes = {
				LastSwiftUpdateCheck = 1010;
				LastUpgradeCheck = 1010;
				ORGANIZATIONNAME = com.jerry;
				TargetAttributes = {
					C4F200772241EA6900CDE725 = {
						CreatedOnToolsVersion = 10.1;
					};
				};
			};
			buildConfigurationList = C4F200732241EA6900CDE725 /* Build configuration list for PBXProject "StickyCollectionViewFlowLayout" */;
			compatibilityVersion = "Xcode 9.3";
			developmentRegion = en;
			hasScannedForEncodings = 0;
			knownRegions = (
				en,
				Base,
			);
			mainGroup = C4F2006F2241EA6900CDE725;
			productRefGroup = C4F200792241EA6900CDE725 /* Products */;
			projectDirPath = "";
			projectRoot = "";
			targets = (
				C4F200772241EA6900CDE725 /* StickyCollectionViewFlowLayout */,
			);
		};
/* End PBXProject section */

/* Begin PBXResourcesBuildPhase section */
		C4F200762241EA6900CDE725 /* Resources */ = {
			isa = PBXResourcesBuildPhase;
			buildActionMask = 2147483647;
			files = (
				C4F200862241EA6B00CDE725 /* LaunchScreen.storyboard in Resources */,
				C4F200832241EA6B00CDE725 /* Assets.xcassets in Resources */,
				C4F200812241EA6900CDE725 /* Main.storyboard in Resources */,
			);
			runOnlyForDeploymentPostprocessing = 0;
		};
/* End PBXResourcesBuildPhase section */

/* Begin PBXSourcesBuildPhase section */
		C4F200742241EA6900CDE725 /* Sources */ = {
			isa = PBXSourcesBuildPhase;
			buildActionMask = 2147483647;
			files = (
				C4F2008E2241EB9E00CDE725 /* StickyCollectionViewFlowLayout.swift in Sources */,
				C4F2007E2241EA6900CDE725 /* ViewController.swift in Sources */,
				C4F2007C2241EA6900CDE725 /* AppDelegate.swift in Sources */,
			);
			runOnlyForDeploymentPostprocessing = 0;
		};
/* End PBXSourcesBuildPhase section */

/* Begin PBXVariantGroup section */
		C4F2007F2241EA6900CDE725 /* Main.storyboard */ = {
			isa = PBXVariantGroup;
			children = (
				C4F200802241EA6900CDE725 /* Base */,
			);
			name = Main.storyboard;
			sourceTree = "<group>";
		};
		C4F200842241EA6B00CDE725 /* LaunchScreen.storyboard */ = {
			isa = PBXVariantGroup;
			children = (
				C4F200852241EA6B00CDE725 /* Base */,
			);
			name = LaunchScreen.storyboard;
			sourceTree = "<group>";
		};
/* End PBXVariantGroup section */

/* Begin XCBuildConfiguration section */
		C4F200882241EA6B00CDE725 /* Debug */ = {
			isa = XCBuildConfiguration;
			buildSettings = {
				ALWAYS_SEARCH_USER_PATHS = NO;
				CLANG_ANALYZER_NONNULL = YES;
				CLANG_ANALYZER_NUMBER_OBJECT_CONVERSION = YES_AGGRESSIVE;
				CLANG_CXX_LANGUAGE_STANDARD = "gnu++14";
				CLANG_CXX_LIBRARY = "libc++";
				CLANG_ENABLE_MODULES = YES;
				CLANG_ENABLE_OBJC_ARC = YES;
				CLANG_ENABLE_OBJC_WEAK = YES;
				CLANG_WARN_BLOCK_CAPTURE_AUTORELEASING = YES;
				CLANG_WARN_BOOL_CONVERSION = YES;
				CLANG_WARN_COMMA = YES;
				CLANG_WARN_CONSTANT_CONVERSION = YES;
				CLANG_WARN_DEPRECATED_OBJC_IMPLEMENTATIONS = YES;
				CLANG_WARN_DIRECT_OBJC_ISA_USAGE = YES_ERROR;
				CLANG_WARN_DOCUMENTATION_COMMENTS = YES;
				CLANG_WARN_EMPTY_BODY = YES;
				CLANG_WARN_ENUM_CONVERSION = YES;
				CLANG_WARN_INFINITE_RECURSION = YES;
				CLANG_WARN_INT_CONVERSION = YES;
				CLANG_WARN_NON_LITERAL_NULL_CONVERSION = YES;
				CLANG_WARN_OBJC_IMPLICIT_RETAIN_SELF = YES;
				CLANG_WARN_OBJC_LITERAL_CONVERSION = YES;
				CLANG_WARN_OBJC_ROOT_CLASS = YES_ERROR;
				CLANG_WARN_RANGE_LOOP_ANALYSIS = YES;
				CLANG_WARN_STRICT_PROTOTYPES = YES;
				CLANG_WARN_SUSPICIOUS_MOVE = YES;
				CLANG_WARN_UNGUARDED_AVAILABILITY = YES_AGGRESSIVE;
				CLANG_WARN_UNREACHABLE_CODE = YES;
				CLANG_WARN__DUPLICATE_METHOD_MATCH = YES;
				CODE_SIGN_IDENTITY = "iPhone Developer";
				COPY_PHASE_STRIP = NO;
				DEBUG_INFORMATION_FORMAT = dwarf;
				ENABLE_STRICT_OBJC_MSGSEND = YES;
				ENABLE_TESTABILITY = YES;
				GCC_C_LANGUAGE_STANDARD = gnu11;
				GCC_DYNAMIC_NO_PIC = NO;
				GCC_NO_COMMON_BLOCKS = YES;
				GCC_OPTIMIZATION_LEVEL = 0;
				GCC_PREPROCESSOR_DEFINITIONS = (
					"DEBUG=1",
					"$(inherited)",
				);
				GCC_WARN_64_TO_32_BIT_CONVERSION = YES;
				GCC_WARN_ABOUT_RETURN_TYPE = YES_ERROR;
				GCC_WARN_UNDECLARED_SELECTOR = YES;
				GCC_WARN_UNINITIALIZED_AUTOS = YES_AGGRESSIVE;
				GCC_WARN_UNUSED_FUNCTION = YES;
				GCC_WARN_UNUSED_VARIABLE = YES;
				IPHONEOS_DEPLOYMENT_TARGET = 12.1;
				MTL_ENABLE_DEBUG_INFO = INCLUDE_SOURCE;
				MTL_FAST_MATH = YES;
				ONLY_ACTIVE_ARCH = YES;
				SDKROOT = iphoneos;
				SWIFT_ACTIVE_COMPILATION_CONDITIONS = DEBUG;
				SWIFT_OPTIMIZATION_LEVEL = "-Onone";
			};
			name = Debug;
		};
		C4F200892241EA6B00CDE725 /* Release */ = {
			isa = XCBuildConfiguration;
			buildSettings = {
				ALWAYS_SEARCH_USER_PATHS = NO;
				CLANG_ANALYZER_NONNULL = YES;
				CLANG_ANALYZER_NUMBER_OBJECT_CONVERSION = YES_AGGRESSIVE;
				CLANG_CXX_LANGUAGE_STANDARD = "gnu++14";
				CLANG_CXX_LIBRARY = "libc++";
				CLANG_ENABLE_MODULES = YES;
				CLANG_ENABLE_OBJC_ARC = YES;
				CLANG_ENABLE_OBJC_WEAK = YES;
				CLANG_WARN_BLOCK_CAPTURE_AUTORELEASING = YES;
				CLANG_WARN_BOOL_CONVERSION = YES;
				CLANG_WARN_COMMA = YES;
				CLANG_WARN_CONSTANT_CONVERSION = YES;
				CLANG_WARN_DEPRECATED_OBJC_IMPLEMENTATIONS = YES;
				CLANG_WARN_DIRECT_OBJC_ISA_USAGE = YES_ERROR;
				CLANG_WARN_DOCUMENTATION_COMMENTS = YES;
				CLANG_WARN_EMPTY_BODY = YES;
				CLANG_WARN_ENUM_CONVERSION = YES;
				CLANG_WARN_INFINITE_RECURSION = YES;
				CLANG_WARN_INT_CONVERSION = YES;
				CLANG_WARN_NON_LITERAL_NULL_CONVERSION = YES;
				CLANG_WARN_OBJC_IMPLICIT_RETAIN_SELF = YES;
				CLANG_WARN_OBJC_LITERAL_CONVERSION = YES;
				CLANG_WARN_OBJC_ROOT_CLASS = YES_ERROR;
				CLANG_WARN_RANGE_LOOP_ANALYSIS = YES;
				CLANG_WARN_STRICT_PROTOTYPES = YES;
				CLANG_WARN_SUSPICIOUS_MOVE = YES;
				CLANG_WARN_UNGUARDED_AVAILABILITY = YES_AGGRESSIVE;
				CLANG_WARN_UNREACHABLE_CODE = YES;
				CLANG_WARN__DUPLICATE_METHOD_MATCH = YES;
				CODE_SIGN_IDENTITY = "iPhone Developer";
				COPY_PHASE_STRIP = NO;
				DEBUG_INFORMATION_FORMAT = "dwarf-with-dsym";
				ENABLE_NS_ASSERTIONS = NO;
				ENABLE_STRICT_OBJC_MSGSEND = YES;
				GCC_C_LANGUAGE_STANDARD = gnu11;
				GCC_NO_COMMON_BLOCKS = YES;
				GCC_WARN_64_TO_32_BIT_CONVERSION = YES;
				GCC_WARN_ABOUT_RETURN_TYPE = YES_ERROR;
				GCC_WARN_UNDECLARED_SELECTOR = YES;
				GCC_WARN_UNINITIALIZED_AUTOS = YES_AGGRESSIVE;
				GCC_WARN_UNUSED_FUNCTION = YES;
				GCC_WARN_UNUSED_VARIABLE = YES;
				IPHONEOS_DEPLOYMENT_TARGET = 12.1;
				MTL_ENABLE_DEBUG_INFO = NO;
				MTL_FAST_MATH = YES;
				SDKROOT = iphoneos;
				SWIFT_COMPILATION_MODE = wholemodule;
				SWIFT_OPTIMIZATION_LEVEL = "-O";
				VALIDATE_PRODUCT = YES;
			};
			name = Release;
		};
		C4F2008B2241EA6B00CDE725 /* Debug */ = {
			isa = XCBuildConfiguration;
			buildSettings = {
				ASSETCATALOG_COMPILER_APPICON_NAME = AppIcon;
				CODE_SIGN_STYLE = Automatic;
				DEVELOPMENT_TEAM = F93845W87F;
				INFOPLIST_FILE = StickyCollectionViewFlowLayout/Info.plist;
				IPHONEOS_DEPLOYMENT_TARGET = 11.0;
				LD_RUNPATH_SEARCH_PATHS = (
					"$(inherited)",
					"@executable_path/Frameworks",
				);
				PRODUCT_BUNDLE_IDENTIFIER = com.jerry.StickyCollectionViewFlowLayout;
				PRODUCT_NAME = "$(TARGET_NAME)";
				SWIFT_VERSION = 5.0;
				TARGETED_DEVICE_FAMILY = "1,2";
			};
			name = Debug;
		};
		C4F2008C2241EA6B00CDE725 /* Release */ = {
			isa = XCBuildConfiguration;
			buildSettings = {
				ASSETCATALOG_COMPILER_APPICON_NAME = AppIcon;
				CODE_SIGN_STYLE = Automatic;
				DEVELOPMENT_TEAM = F93845W87F;
				INFOPLIST_FILE = StickyCollectionViewFlowLayout/Info.plist;
				IPHONEOS_DEPLOYMENT_TARGET = 11.0;
				LD_RUNPATH_SEARCH_PATHS = (
					"$(inherited)",
					"@executable_path/Frameworks",
				);
				PRODUCT_BUNDLE_IDENTIFIER = com.jerry.StickyCollectionViewFlowLayout;
				PRODUCT_NAME = "$(TARGET_NAME)";
				SWIFT_VERSION = 5.0;
				TARGETED_DEVICE_FAMILY = "1,2";
			};
			name = Release;
		};
/* End XCBuildConfiguration section */

/* Begin XCConfigurationList section */
		C4F200732241EA6900CDE725 /* Build configuration list for PBXProject "StickyCollectionViewFlowLayout" */ = {
			isa = XCConfigurationList;
			buildConfigurations = (
				C4F200882241EA6B00CDE725 /* Debug */,
				C4F200892241EA6B00CDE725 /* Release */,
			);
			defaultConfigurationIsVisible = 0;
			defaultConfigurationName = Release;
		};
		C4F2008A2241EA6B00CDE725 /* Build configuration list for PBXNativeTarget "StickyCollectionViewFlowLayout" */ = {
			isa = XCConfigurationList;
			buildConfigurations = (
				C4F2008B2241EA6B00CDE725 /* Debug */,
				C4F2008C2241EA6B00CDE725 /* Release */,
			);
			defaultConfigurationIsVisible = 0;
			defaultConfigurationName = Release;
		};
/* End XCConfigurationList section */
	};
	rootObject = C4F200702241EA6900CDE725 /* Project object */;
}
